
Microsoft Visual Studio Solution File, Format Version 12.00
# Visual Studio 15
VisualStudioVersion = 15.0.27703.2035
MinimumVisualStudioVersion = 10.0.40219.1
Project("{FAE04EC0-301F-11D3-BF4B-00C04F79EFBC}") = "ThreadTest", "src\moudle\ThreadTest\ThreadTest.csproj", "{01B3B932-786E-4888-869B-495359880D36}"
EndProject
Project("{FAE04EC0-301F-11D3-BF4B-00C04F79EFBC}") = "DelegateTest", "src\moudle\DelegateTest\DelegateTest.csproj", "{6E4A7504-3F18-48A4-B243-76CE5594247E}"
EndProject
Project("{FAE04EC0-301F-11D3-BF4B-00C04F79EFBC}") = "TCPTest", "src\moudle\TCPTest\TCPTest.csproj", "{58B26221-BE5F-4746-B51C-1894620734D7}"
EndProject
Project("{FAE04EC0-301F-11D3-BF4B-00C04F79EFBC}") = "ExtractCodeTest", "src\moudle\ExtractCodeTest\ExtractCodeTest.csproj", "{B7415673-BBDB-48D0-81D6-4CE2899303ED}"
EndProject
Project("{FAE04EC0-301F-11D3-BF4B-00C04F79EFBC}") = "LinqTest", "src\moudle\LinqTest\LinqTest.csproj", "{C37B130D-E5C7-4DC9-8FD6-42F6D803FF55}"
EndProject
Project("{FAE04EC0-301F-11D3-BF4B-00C04F79EFBC}") = "SerializableTest", "src\moudle\SerializableTest\SerializableTest.csproj", "{08A51FE7-9CE3-4414-BA09-8A422FEC473D}"
EndProject
Project("{FAE04EC0-301F-11D3-BF4B-00C04F79EFBC}") = "EncodeTest", "src\moudle\EncodeTest\EncodeTest.csproj", "{1DA77688-FC2D-4989-8236-C1305EC6E675}"
EndProject
Project("{FAE04EC0-301F-11D3-BF4B-00C04F79EFBC}") = "FileTest", "src\moudle\FileTest\FileTest.csproj", "{2E5F7E7E-1F43-418B-8F7B-7F99494A605D}"
EndProject
Project("{FAE04EC0-301F-11D3-BF4B-00C04F79EFBC}") = "StringTest", "src\moudle\StringTest\StringTest.csproj", "{378128C8-DD36-4A0C-ADDE-BDFEBDC71848}"
EndProject
Project("{FAE04EC0-301F-11D3-BF4B-00C04F79EFBC}") = "GcTest", "src\moudle\GcTest\GcTest.csproj", "{093B336C-09CD-4C13-8D4C-ECC52478F2D2}"
EndProject
Project("{2150E333-8FDC-42A3-9474-1A3956D46DE8}") = "src", "src", "{4CAC62A0-DE1C-4EB8-B855-2CBD3EEC7701}"
EndProject
Project("{2150E333-8FDC-42A3-9474-1A3956D46DE8}") = "moudle", "moudle", "{BA49ADA9-BEE1-4D5F-99D3-7E11A6916244}"
EndProject
Project("{2150E333-8FDC-42A3-9474-1A3956D46DE8}") = "view", "view", "{0CE4ACF9-F547-41BB-BC10-8A6F80FFA07B}"
EndProject
Project("{2150E333-8FDC-42A3-9474-1A3956D46DE8}") = "adapter", "adapter", "{8AD2B662-7F83-45B1-BB53-A1D0D9C1B43E}"
EndProject
Project("{FAE04EC0-301F-11D3-BF4B-00C04F79EFBC}") = "LambdaTest", "src\moudle\LambdaTest\LambdaTest.csproj", "{F0377F2C-1859-4527-AD84-5C1A6F3041BC}"
EndProject
Global
	GlobalSection(SolutionConfigurationPlatforms) = preSolution
		Debug|Any CPU = Debug|Any CPU
		Release|Any CPU = Release|Any CPU
	EndGlobalSection
	GlobalSection(ProjectConfigurationPlatforms) = postSolution
		{01B3B932-786E-4888-869B-495359880D36}.Debug|Any CPU.ActiveCfg = Debug|Any CPU
		{01B3B932-786E-4888-869B-495359880D36}.Debug|Any CPU.Build.0 = Debug|Any CPU
		{01B3B932-786E-4888-869B-495359880D36}.Release|Any CPU.ActiveCfg = Release|Any CPU
		{01B3B932-786E-4888-869B-495359880D36}.Release|Any CPU.Build.0 = Release|Any CPU
		{6E4A7504-3F18-48A4-B243-76CE5594247E}.Debug|Any CPU.ActiveCfg = Debug|Any CPU
		{6E4A7504-3F18-48A4-B243-76CE5594247E}.Debug|Any CPU.Build.0 = Debug|Any CPU
		{6E4A7504-3F18-48A4-B243-76CE5594247E}.Release|Any CPU.ActiveCfg = Release|Any CPU
		{6E4A7504-3F18-48A4-B243-76CE5594247E}.Release|Any CPU.Build.0 = Release|Any CPU
		{58B26221-BE5F-4746-B51C-1894620734D7}.Debug|Any CPU.ActiveCfg = Debug|Any CPU
		{58B26221-BE5F-4746-B51C-1894620734D7}.Debug|Any CPU.Build.0 = Debug|Any CPU
		{58B26221-BE5F-4746-B51C-1894620734D7}.Release|Any CPU.ActiveCfg = Release|Any CPU
		{58B26221-BE5F-4746-B51C-1894620734D7}.Release|Any CPU.Build.0 = Release|Any CPU
		{B7415673-BBDB-48D0-81D6-4CE2899303ED}.Debug|Any CPU.ActiveCfg = Debug|Any CPU
		{B7415673-BBDB-48D0-81D6-4CE2899303ED}.Debug|Any CPU.Build.0 = Debug|Any CPU
		{B7415673-BBDB-48D0-81D6-4CE2899303ED}.Release|Any CPU.ActiveCfg = Release|Any CPU
		{B7415673-BBDB-48D0-81D6-4CE2899303ED}.Release|Any CPU.Build.0 = Release|Any CPU
		{C37B130D-E5C7-4DC9-8FD6-42F6D803FF55}.Debug|Any CPU.ActiveCfg = Debug|Any CPU
		{C37B130D-E5C7-4DC9-8FD6-42F6D803FF55}.Debug|Any CPU.Build.0 = Debug|Any CPU
		{C37B130D-E5C7-4DC9-8FD6-42F6D803FF55}.Release|Any CPU.ActiveCfg = Release|Any CPU
		{C37B130D-E5C7-4DC9-8FD6-42F6D803FF55}.Release|Any CPU.Build.0 = Release|Any CPU
		{08A51FE7-9CE3-4414-BA09-8A422FEC473D}.Debug|Any CPU.ActiveCfg = Debug|Any CPU
		{08A51FE7-9CE3-4414-BA09-8A422FEC473D}.Debug|Any CPU.Build.0 = Debug|Any CPU
		{08A51FE7-9CE3-4414-BA09-8A422FEC473D}.Release|Any CPU.ActiveCfg = Release|Any CPU
		{08A51FE7-9CE3-4414-BA09-8A422FEC473D}.Release|Any CPU.Build.0 = Release|Any CPU
		{1DA77688-FC2D-4989-8236-C1305EC6E675}.Debug|Any CPU.ActiveCfg = Debug|Any CPU
		{1DA77688-FC2D-4989-8236-C1305EC6E675}.Debug|Any CPU.Build.0 = Debug|Any CPU
		{1DA77688-FC2D-4989-8236-C1305EC6E675}.Release|Any CPU.ActiveCfg = Release|Any CPU
		{1DA77688-FC2D-4989-8236-C1305EC6E675}.Release|Any CPU.Build.0 = Release|Any CPU
		{2E5F7E7E-1F43-418B-8F7B-7F99494A605D}.Debug|Any CPU.ActiveCfg = Debug|Any CPU
		{2E5F7E7E-1F43-418B-8F7B-7F99494A605D}.Debug|Any CPU.Build.0 = Debug|Any CPU
		{2E5F7E7E-1F43-418B-8F7B-7F99494A605D}.Release|Any CPU.ActiveCfg = Release|Any CPU
		{2E5F7E7E-1F43-418B-8F7B-7F99494A605D}.Release|Any CPU.Build.0 = Release|Any CPU
		{378128C8-DD36-4A0C-ADDE-BDFEBDC71848}.Debug|Any CPU.ActiveCfg = Debug|Any CPU
		{378128C8-DD36-4A0C-ADDE-BDFEBDC71848}.Debug|Any CPU.Build.0 = Debug|Any CPU
		{378128C8-DD36-4A0C-ADDE-BDFEBDC71848}.Release|Any CPU.ActiveCfg = Release|Any CPU
		{378128C8-DD36-4A0C-ADDE-BDFEBDC71848}.Release|Any CPU.Build.0 = Release|Any CPU
		{093B336C-09CD-4C13-8D4C-ECC52478F2D2}.Debug|Any CPU.ActiveCfg = Debug|Any CPU
		{093B336C-09CD-4C13-8D4C-ECC52478F2D2}.Debug|Any CPU.Build.0 = Debug|Any CPU
		{093B336C-09CD-4C13-8D4C-ECC52478F2D2}.Release|Any CPU.ActiveCfg = Release|Any CPU
		{093B336C-09CD-4C13-8D4C-ECC52478F2D2}.Release|Any CPU.Build.0 = Release|Any CPU
		{F0377F2C-1859-4527-AD84-5C1A6F3041BC}.Debug|Any CPU.ActiveCfg = Debug|Any CPU
		{F0377F2C-1859-4527-AD84-5C1A6F3041BC}.Debug|Any CPU.Build.0 = Debug|Any CPU
		{F0377F2C-1859-4527-AD84-5C1A6F3041BC}.Release|Any CPU.ActiveCfg = Release|Any CPU
		{F0377F2C-1859-4527-AD84-5C1A6F3041BC}.Release|Any CPU.Build.0 = Release|Any CPU
	EndGlobalSection
	GlobalSection(SolutionProperties) = preSolution
		HideSolutionNode = FALSE
	EndGlobalSection
	GlobalSection(NestedProjects) = preSolution
		{01B3B932-786E-4888-869B-495359880D36} = {BA49ADA9-BEE1-4D5F-99D3-7E11A6916244}
		{6E4A7504-3F18-48A4-B243-76CE5594247E} = {BA49ADA9-BEE1-4D5F-99D3-7E11A6916244}
		{58B26221-BE5F-4746-B51C-1894620734D7} = {BA49ADA9-BEE1-4D5F-99D3-7E11A6916244}
		{B7415673-BBDB-48D0-81D6-4CE2899303ED} = {BA49ADA9-BEE1-4D5F-99D3-7E11A6916244}
		{C37B130D-E5C7-4DC9-8FD6-42F6D803FF55} = {BA49ADA9-BEE1-4D5F-99D3-7E11A6916244}
		{08A51FE7-9CE3-4414-BA09-8A422FEC473D} = {BA49ADA9-BEE1-4D5F-99D3-7E11A6916244}
		{1DA77688-FC2D-4989-8236-C1305EC6E675} = {BA49ADA9-BEE1-4D5F-99D3-7E11A6916244}
		{2E5F7E7E-1F43-418B-8F7B-7F99494A605D} = {BA49ADA9-BEE1-4D5F-99D3-7E11A6916244}
		{378128C8-DD36-4A0C-ADDE-BDFEBDC71848} = {BA49ADA9-BEE1-4D5F-99D3-7E11A6916244}
		{093B336C-09CD-4C13-8D4C-ECC52478F2D2} = {BA49ADA9-BEE1-4D5F-99D3-7E11A6916244}
		{BA49ADA9-BEE1-4D5F-99D3-7E11A6916244} = {4CAC62A0-DE1C-4EB8-B855-2CBD3EEC7701}
		{0CE4ACF9-F547-41BB-BC10-8A6F80FFA07B} = {4CAC62A0-DE1C-4EB8-B855-2CBD3EEC7701}
		{8AD2B662-7F83-45B1-BB53-A1D0D9C1B43E} = {4CAC62A0-DE1C-4EB8-B855-2CBD3EEC7701}
		{F0377F2C-1859-4527-AD84-5C1A6F3041BC} = {BA49ADA9-BEE1-4D5F-99D3-7E11A6916244}
	EndGlobalSection
	GlobalSection(ExtensibilityGlobals) = postSolution
		SolutionGuid = {9BC5BC54-6712-4B1E-A1B4-170C7A6ADBD2}
	EndGlobalSection
EndGlobal
