
Microsoft Visual Studio Solution File, Format Version 12.00
# Visual Studio Version 16
VisualStudioVersion = 16.0.28803.352
MinimumVisualStudioVersion = 10.0.40219.1
Project("{FAE04EC0-301F-11D3-BF4B-00C04F79EFBC}") = "ThreadTest", "src\moudle\ThreadTest\ThreadTest.csproj", "{01B3B932-786E-4888-869B-495359880D36}"
EndProject
Project("{FAE04EC0-301F-11D3-BF4B-00C04F79EFBC}") = "DelegateTest", "src\moudle\DelegateTest\DelegateTest.csproj", "{6E4A7504-3F18-48A4-B243-76CE5594247E}"
EndProject
Project("{FAE04EC0-301F-11D3-BF4B-00C04F79EFBC}") = "TCPTest", "src\moudle\TCPTest\TCPTest.csproj", "{58B26221-BE5F-4746-B51C-1894620734D7}"
EndProject
Project("{FAE04EC0-301F-11D3-BF4B-00C04F79EFBC}") = "ExtractCodeTest", "src\moudle\ExtractCodeTest\ExtractCodeTest.csproj", "{B7415673-BBDB-48D0-81D6-4CE2899303ED}"
EndProject
Project("{FAE04EC0-301F-11D3-BF4B-00C04F79EFBC}") = "LinqTest", "src\moudle\LinqTest\LinqTest.csproj", "{C37B130D-E5C7-4DC9-8FD6-42F6D803FF55}"
EndProject
Project("{FAE04EC0-301F-11D3-BF4B-00C04F79EFBC}") = "SerializableTest", "src\moudle\SerializableTest\SerializableTest.csproj", "{08A51FE7-9CE3-4414-BA09-8A422FEC473D}"
EndProject
Project("{FAE04EC0-301F-11D3-BF4B-00C04F79EFBC}") = "EncodeTest", "src\moudle\EncodeTest\EncodeTest.csproj", "{1DA77688-FC2D-4989-8236-C1305EC6E675}"
EndProject
Project("{FAE04EC0-301F-11D3-BF4B-00C04F79EFBC}") = "FileTest", "src\moudle\FileTest\FileTest.csproj", "{2E5F7E7E-1F43-418B-8F7B-7F99494A605D}"
EndProject
Project("{FAE04EC0-301F-11D3-BF4B-00C04F79EFBC}") = "StringTest", "src\moudle\StringTest\StringTest.csproj", "{378128C8-DD36-4A0C-ADDE-BDFEBDC71848}"
EndProject
Project("{FAE04EC0-301F-11D3-BF4B-00C04F79EFBC}") = "GcTest", "src\moudle\GcTest\GcTest.csproj", "{093B336C-09CD-4C13-8D4C-ECC52478F2D2}"
EndProject
Project("{2150E333-8FDC-42A3-9474-1A3956D46DE8}") = "src", "src", "{4CAC62A0-DE1C-4EB8-B855-2CBD3EEC7701}"
EndProject
Project("{2150E333-8FDC-42A3-9474-1A3956D46DE8}") = "moudle", "moudle", "{BA49ADA9-BEE1-4D5F-99D3-7E11A6916244}"
EndProject
Project("{2150E333-8FDC-42A3-9474-1A3956D46DE8}") = "view", "view", "{0CE4ACF9-F547-41BB-BC10-8A6F80FFA07B}"
EndProject
Project("{2150E333-8FDC-42A3-9474-1A3956D46DE8}") = "adapter", "adapter", "{8AD2B662-7F83-45B1-BB53-A1D0D9C1B43E}"
EndProject
Project("{FAE04EC0-301F-11D3-BF4B-00C04F79EFBC}") = "LambdaTest", "src\moudle\LambdaTest\LambdaTest.csproj", "{F0377F2C-1859-4527-AD84-5C1A6F3041BC}"
EndProject
Project("{FAE04EC0-301F-11D3-BF4B-00C04F79EFBC}") = "TimeTest", "src\moudle\TimeTest\TimeTest.csproj", "{D954B55F-BFBD-45DB-89BC-2C6EB5F40B82}"
EndProject
Project("{2150E333-8FDC-42A3-9474-1A3956D46DE8}") = "services", "services", "{F137F8FB-A66D-4A89-A9C4-2D767FE2E581}"
EndProject
Project("{FAE04EC0-301F-11D3-BF4B-00C04F79EFBC}") = "ServiceTest", "src\service\ServiceTest\ServiceTest.csproj", "{1DF1FAAE-C1E7-42AD-BA4A-EB50C59182E3}"
EndProject
Project("{FAE04EC0-301F-11D3-BF4B-00C04F79EFBC}") = "CSharpCallC", "src\moudle\CSharp_call_c\CSharpCallC\CSharpCallC.csproj", "{09D8B145-F185-4751-8ED0-EBF853683575}"
EndProject
Project("{8BC9CEB8-8B4A-11D0-8D11-00A0C91BC942}") = "CallCPlus", "src\moudle\CallCPlus\CallCPlus.vcxproj", "{8693DD2E-9BB0-4F0C-A88B-1E9B6CD0E488}"
EndProject
Project("{FAE04EC0-301F-11D3-BF4B-00C04F79EFBC}") = "MacroTest", "src\moudle\MacroTest\MacroTest.csproj", "{2B39C6DE-B3A1-41EF-9B2F-F60E93A37344}"
EndProject
Project("{FAE04EC0-301F-11D3-BF4B-00C04F79EFBC}") = "MailTest", "src\moudle\MailTest\MailTest.csproj", "{643B3506-0E79-4633-A17F-C48C0CD85124}"
EndProject
Project("{FAE04EC0-301F-11D3-BF4B-00C04F79EFBC}") = "CSharpCallCPlusPlus", "src\moudle\CSharpCallCPlusPlus\CSharpCallCPlusPlus.csproj", "{40926B2B-45FB-4732-8561-629BFFF1911F}"
EndProject
Project("{FAE04EC0-301F-11D3-BF4B-00C04F79EFBC}") = "ObjectTest", "src\moudle\ObjectTest\ObjectTest.csproj", "{927E987A-2650-464E-B793-639069896F3A}"
EndProject
Project("{FAE04EC0-301F-11D3-BF4B-00C04F79EFBC}") = "AttributeTest", "src\moudle\AttributeTest\AttributeTest.csproj", "{773FEBCA-200A-4201-A9E1-33EA47CE3AEB}"
EndProject
Project("{FAE04EC0-301F-11D3-BF4B-00C04F79EFBC}") = "InterfaceTest", "src\moudle\InterfaceTest\InterfaceTest.csproj", "{BD53B37C-9BE0-4B8C-A0BC-9547A83605F5}"
EndProject
Project("{FAE04EC0-301F-11D3-BF4B-00C04F79EFBC}") = "SqlTest", "src\moudle\SqlTest\SqlTest.csproj", "{2154D1E4-ECEC-460E-8FD7-583ED91A64C9}"
EndProject
Project("{FAE04EC0-301F-11D3-BF4B-00C04F79EFBC}") = "DesignModeTest", "src\moudle\DesignModeTest\DesignModeTest.csproj", "{CB2E870B-6C42-44F1-80EF-75A5DCCC47B9}"
EndProject
Project("{9A19103F-16F7-4668-BE54-9A1E7A4F7556}") = "Dapper", "src\adapter\Dapper\Dapper.csproj", "{A69F8222-0F2C-47F3-81E7-A81238021AAE}"
EndProject
Project("{FAE04EC0-301F-11D3-BF4B-00C04F79EFBC}") = "WcfServiceTest", "src\service\WcfServiceTest\WcfServiceTest.csproj", "{8C94B975-C428-4AA0-ACBB-73CF1F85B10E}"
EndProject
Project("{FAE04EC0-301F-11D3-BF4B-00C04F79EFBC}") = "WebServiceTest", "src\service\WebServiceTest\WebServiceTest.csproj", "{19C4E9FD-14AA-4A5C-8752-C8AB0A82DF56}"
EndProject
Project("{FAE04EC0-301F-11D3-BF4B-00C04F79EFBC}") = "xNet", "src\adapter\xNet.csproj", "{5D25D06E-0D35-42EF-BBA2-D5DE6E06CD04}"
EndProject
Project("{FAE04EC0-301F-11D3-BF4B-00C04F79EFBC}") = "log4net.vs2012", "src\adapter\log4net\log4net.vs2012.csproj", "{181FE707-E161-4722-9F38-6AAAB6FAA106}"
EndProject
Project("{FAE04EC0-301F-11D3-BF4B-00C04F79EFBC}") = "ClientTest", "src\service\ClientTest\ClientTest.csproj", "{C64C36CB-EFD8-49A2-8C70-968C38C666BF}"
EndProject
Project("{FAE04EC0-301F-11D3-BF4B-00C04F79EFBC}") = "WebApi", "src\view\WebApi\WebApi.csproj", "{C4CDDBDE-C980-45C9-9F72-51273D2ACC71}"
EndProject
Project("{FAE04EC0-301F-11D3-BF4B-00C04F79EFBC}") = "Web", "src\service\Web\Web.csproj", "{124D8F97-5AF3-4CBB-BDE2-0678CD50D721}"
EndProject
Project("{FAE04EC0-301F-11D3-BF4B-00C04F79EFBC}") = "WebApi", "src\service\WebApi\WebApi.csproj", "{CE17F859-EF0C-4D53-A9E7-3B4F34C00372}"
EndProject
Project("{2150E333-8FDC-42A3-9474-1A3956D46DE8}") = "Util", "Util", "{16029D35-4CEB-4A06-908A-2B1DA2324E39}"
EndProject
Project("{FAE04EC0-301F-11D3-BF4B-00C04F79EFBC}") = "Helper", "src\Util\Helper\Helper.csproj", "{F3B9CF6B-6A4D-4577-90B0-1BC3D238F0F9}"
EndProject
Project("{FAE04EC0-301F-11D3-BF4B-00C04F79EFBC}") = "Tools.DataHelper", "src\Util\Tools.DataHelper\Tools.DataHelper.csproj", "{3980FC46-64BA-41CA-A797-E3D7661ECBFC}"
EndProject
Project("{FAE04EC0-301F-11D3-BF4B-00C04F79EFBC}") = "DataHelper", "src\view\DataHelper\DataHelper.csproj", "{6F6EFB81-9648-4F73-80B0-68DAB5F0F629}"
EndProject
Project("{FAE04EC0-301F-11D3-BF4B-00C04F79EFBC}") = "AlogrithmTest", "src\Util\AlogrithmTest\AlogrithmTest.csproj", "{AE35EC08-3325-4DF2-A80B-5B4AC77D236D}"
EndProject
Project("{2150E333-8FDC-42A3-9474-1A3956D46DE8}") = "unittest", "unittest", "{6825E8D0-841D-4FB3-8898-B32885AD7DD4}"
EndProject
Project("{FAE04EC0-301F-11D3-BF4B-00C04F79EFBC}") = "UnitTest", "src\unittest\UnitTest\UnitTest.csproj", "{14F8289D-91EE-4D15-BDFC-E72C78859447}"
EndProject
Project("{FAE04EC0-301F-11D3-BF4B-00C04F79EFBC}") = "Newtonsoft.Json", "src\adapter\Newtonsoft.Json\Newtonsoft.Json.csproj", "{1AF07458-46FE-44B6-86E4-895AB2815E84}"
EndProject
Project("{FAE04EC0-301F-11D3-BF4B-00C04F79EFBC}") = "CommandLineParse", "src\moudle\CommandLineParse\CommandLineParse.csproj", "{93F3DA7A-AC4C-4ACD-8E84-FA8DD1DE467A}"
EndProject
Global
	GlobalSection(SolutionConfigurationPlatforms) = preSolution
		Debug|Any CPU = Debug|Any CPU
		Debug|x64 = Debug|x64
		Debug|x86 = Debug|x86
		Release|Any CPU = Release|Any CPU
		Release|x64 = Release|x64
		Release|x86 = Release|x86
	EndGlobalSection
	GlobalSection(ProjectConfigurationPlatforms) = postSolution
		{01B3B932-786E-4888-869B-495359880D36}.Debug|Any CPU.ActiveCfg = Debug|Any CPU
		{01B3B932-786E-4888-869B-495359880D36}.Debug|Any CPU.Build.0 = Debug|Any CPU
		{01B3B932-786E-4888-869B-495359880D36}.Debug|x64.ActiveCfg = Debug|Any CPU
		{01B3B932-786E-4888-869B-495359880D36}.Debug|x64.Build.0 = Debug|Any CPU
		{01B3B932-786E-4888-869B-495359880D36}.Debug|x86.ActiveCfg = Debug|Any CPU
		{01B3B932-786E-4888-869B-495359880D36}.Debug|x86.Build.0 = Debug|Any CPU
		{01B3B932-786E-4888-869B-495359880D36}.Release|Any CPU.ActiveCfg = Release|Any CPU
		{01B3B932-786E-4888-869B-495359880D36}.Release|Any CPU.Build.0 = Release|Any CPU
		{01B3B932-786E-4888-869B-495359880D36}.Release|x64.ActiveCfg = Release|Any CPU
		{01B3B932-786E-4888-869B-495359880D36}.Release|x64.Build.0 = Release|Any CPU
		{01B3B932-786E-4888-869B-495359880D36}.Release|x86.ActiveCfg = Release|Any CPU
		{01B3B932-786E-4888-869B-495359880D36}.Release|x86.Build.0 = Release|Any CPU
		{6E4A7504-3F18-48A4-B243-76CE5594247E}.Debug|Any CPU.ActiveCfg = Debug|Any CPU
		{6E4A7504-3F18-48A4-B243-76CE5594247E}.Debug|Any CPU.Build.0 = Debug|Any CPU
		{6E4A7504-3F18-48A4-B243-76CE5594247E}.Debug|x64.ActiveCfg = Debug|Any CPU
		{6E4A7504-3F18-48A4-B243-76CE5594247E}.Debug|x64.Build.0 = Debug|Any CPU
		{6E4A7504-3F18-48A4-B243-76CE5594247E}.Debug|x86.ActiveCfg = Debug|Any CPU
		{6E4A7504-3F18-48A4-B243-76CE5594247E}.Debug|x86.Build.0 = Debug|Any CPU
		{6E4A7504-3F18-48A4-B243-76CE5594247E}.Release|Any CPU.ActiveCfg = Release|Any CPU
		{6E4A7504-3F18-48A4-B243-76CE5594247E}.Release|Any CPU.Build.0 = Release|Any CPU
		{6E4A7504-3F18-48A4-B243-76CE5594247E}.Release|x64.ActiveCfg = Release|Any CPU
		{6E4A7504-3F18-48A4-B243-76CE5594247E}.Release|x64.Build.0 = Release|Any CPU
		{6E4A7504-3F18-48A4-B243-76CE5594247E}.Release|x86.ActiveCfg = Release|Any CPU
		{6E4A7504-3F18-48A4-B243-76CE5594247E}.Release|x86.Build.0 = Release|Any CPU
		{58B26221-BE5F-4746-B51C-1894620734D7}.Debug|Any CPU.ActiveCfg = Debug|Any CPU
		{58B26221-BE5F-4746-B51C-1894620734D7}.Debug|Any CPU.Build.0 = Debug|Any CPU
		{58B26221-BE5F-4746-B51C-1894620734D7}.Debug|x64.ActiveCfg = Debug|Any CPU
		{58B26221-BE5F-4746-B51C-1894620734D7}.Debug|x64.Build.0 = Debug|Any CPU
		{58B26221-BE5F-4746-B51C-1894620734D7}.Debug|x86.ActiveCfg = Debug|Any CPU
		{58B26221-BE5F-4746-B51C-1894620734D7}.Debug|x86.Build.0 = Debug|Any CPU
		{58B26221-BE5F-4746-B51C-1894620734D7}.Release|Any CPU.ActiveCfg = Release|Any CPU
		{58B26221-BE5F-4746-B51C-1894620734D7}.Release|Any CPU.Build.0 = Release|Any CPU
		{58B26221-BE5F-4746-B51C-1894620734D7}.Release|x64.ActiveCfg = Release|Any CPU
		{58B26221-BE5F-4746-B51C-1894620734D7}.Release|x64.Build.0 = Release|Any CPU
		{58B26221-BE5F-4746-B51C-1894620734D7}.Release|x86.ActiveCfg = Release|Any CPU
		{58B26221-BE5F-4746-B51C-1894620734D7}.Release|x86.Build.0 = Release|Any CPU
		{B7415673-BBDB-48D0-81D6-4CE2899303ED}.Debug|Any CPU.ActiveCfg = Debug|Any CPU
		{B7415673-BBDB-48D0-81D6-4CE2899303ED}.Debug|Any CPU.Build.0 = Debug|Any CPU
		{B7415673-BBDB-48D0-81D6-4CE2899303ED}.Debug|x64.ActiveCfg = Debug|Any CPU
		{B7415673-BBDB-48D0-81D6-4CE2899303ED}.Debug|x64.Build.0 = Debug|Any CPU
		{B7415673-BBDB-48D0-81D6-4CE2899303ED}.Debug|x86.ActiveCfg = Debug|Any CPU
		{B7415673-BBDB-48D0-81D6-4CE2899303ED}.Debug|x86.Build.0 = Debug|Any CPU
		{B7415673-BBDB-48D0-81D6-4CE2899303ED}.Release|Any CPU.ActiveCfg = Release|Any CPU
		{B7415673-BBDB-48D0-81D6-4CE2899303ED}.Release|Any CPU.Build.0 = Release|Any CPU
		{B7415673-BBDB-48D0-81D6-4CE2899303ED}.Release|x64.ActiveCfg = Release|Any CPU
		{B7415673-BBDB-48D0-81D6-4CE2899303ED}.Release|x64.Build.0 = Release|Any CPU
		{B7415673-BBDB-48D0-81D6-4CE2899303ED}.Release|x86.ActiveCfg = Release|Any CPU
		{B7415673-BBDB-48D0-81D6-4CE2899303ED}.Release|x86.Build.0 = Release|Any CPU
		{C37B130D-E5C7-4DC9-8FD6-42F6D803FF55}.Debug|Any CPU.ActiveCfg = Debug|Any CPU
		{C37B130D-E5C7-4DC9-8FD6-42F6D803FF55}.Debug|Any CPU.Build.0 = Debug|Any CPU
		{C37B130D-E5C7-4DC9-8FD6-42F6D803FF55}.Debug|x64.ActiveCfg = Debug|Any CPU
		{C37B130D-E5C7-4DC9-8FD6-42F6D803FF55}.Debug|x64.Build.0 = Debug|Any CPU
		{C37B130D-E5C7-4DC9-8FD6-42F6D803FF55}.Debug|x86.ActiveCfg = Debug|Any CPU
		{C37B130D-E5C7-4DC9-8FD6-42F6D803FF55}.Debug|x86.Build.0 = Debug|Any CPU
		{C37B130D-E5C7-4DC9-8FD6-42F6D803FF55}.Release|Any CPU.ActiveCfg = Release|Any CPU
		{C37B130D-E5C7-4DC9-8FD6-42F6D803FF55}.Release|Any CPU.Build.0 = Release|Any CPU
		{C37B130D-E5C7-4DC9-8FD6-42F6D803FF55}.Release|x64.ActiveCfg = Release|Any CPU
		{C37B130D-E5C7-4DC9-8FD6-42F6D803FF55}.Release|x64.Build.0 = Release|Any CPU
		{C37B130D-E5C7-4DC9-8FD6-42F6D803FF55}.Release|x86.ActiveCfg = Release|Any CPU
		{C37B130D-E5C7-4DC9-8FD6-42F6D803FF55}.Release|x86.Build.0 = Release|Any CPU
		{08A51FE7-9CE3-4414-BA09-8A422FEC473D}.Debug|Any CPU.ActiveCfg = Debug|Any CPU
		{08A51FE7-9CE3-4414-BA09-8A422FEC473D}.Debug|Any CPU.Build.0 = Debug|Any CPU
		{08A51FE7-9CE3-4414-BA09-8A422FEC473D}.Debug|x64.ActiveCfg = Debug|Any CPU
		{08A51FE7-9CE3-4414-BA09-8A422FEC473D}.Debug|x64.Build.0 = Debug|Any CPU
		{08A51FE7-9CE3-4414-BA09-8A422FEC473D}.Debug|x86.ActiveCfg = Debug|Any CPU
		{08A51FE7-9CE3-4414-BA09-8A422FEC473D}.Debug|x86.Build.0 = Debug|Any CPU
		{08A51FE7-9CE3-4414-BA09-8A422FEC473D}.Release|Any CPU.ActiveCfg = Release|Any CPU
		{08A51FE7-9CE3-4414-BA09-8A422FEC473D}.Release|Any CPU.Build.0 = Release|Any CPU
		{08A51FE7-9CE3-4414-BA09-8A422FEC473D}.Release|x64.ActiveCfg = Release|Any CPU
		{08A51FE7-9CE3-4414-BA09-8A422FEC473D}.Release|x64.Build.0 = Release|Any CPU
		{08A51FE7-9CE3-4414-BA09-8A422FEC473D}.Release|x86.ActiveCfg = Release|Any CPU
		{08A51FE7-9CE3-4414-BA09-8A422FEC473D}.Release|x86.Build.0 = Release|Any CPU
		{1DA77688-FC2D-4989-8236-C1305EC6E675}.Debug|Any CPU.ActiveCfg = Debug|Any CPU
		{1DA77688-FC2D-4989-8236-C1305EC6E675}.Debug|Any CPU.Build.0 = Debug|Any CPU
		{1DA77688-FC2D-4989-8236-C1305EC6E675}.Debug|x64.ActiveCfg = Debug|Any CPU
		{1DA77688-FC2D-4989-8236-C1305EC6E675}.Debug|x64.Build.0 = Debug|Any CPU
		{1DA77688-FC2D-4989-8236-C1305EC6E675}.Debug|x86.ActiveCfg = Debug|Any CPU
		{1DA77688-FC2D-4989-8236-C1305EC6E675}.Debug|x86.Build.0 = Debug|Any CPU
		{1DA77688-FC2D-4989-8236-C1305EC6E675}.Release|Any CPU.ActiveCfg = Release|Any CPU
		{1DA77688-FC2D-4989-8236-C1305EC6E675}.Release|Any CPU.Build.0 = Release|Any CPU
		{1DA77688-FC2D-4989-8236-C1305EC6E675}.Release|x64.ActiveCfg = Release|Any CPU
		{1DA77688-FC2D-4989-8236-C1305EC6E675}.Release|x64.Build.0 = Release|Any CPU
		{1DA77688-FC2D-4989-8236-C1305EC6E675}.Release|x86.ActiveCfg = Release|Any CPU
		{1DA77688-FC2D-4989-8236-C1305EC6E675}.Release|x86.Build.0 = Release|Any CPU
		{2E5F7E7E-1F43-418B-8F7B-7F99494A605D}.Debug|Any CPU.ActiveCfg = Debug|Any CPU
		{2E5F7E7E-1F43-418B-8F7B-7F99494A605D}.Debug|Any CPU.Build.0 = Debug|Any CPU
		{2E5F7E7E-1F43-418B-8F7B-7F99494A605D}.Debug|x64.ActiveCfg = Debug|Any CPU
		{2E5F7E7E-1F43-418B-8F7B-7F99494A605D}.Debug|x64.Build.0 = Debug|Any CPU
		{2E5F7E7E-1F43-418B-8F7B-7F99494A605D}.Debug|x86.ActiveCfg = Debug|Any CPU
		{2E5F7E7E-1F43-418B-8F7B-7F99494A605D}.Debug|x86.Build.0 = Debug|Any CPU
		{2E5F7E7E-1F43-418B-8F7B-7F99494A605D}.Release|Any CPU.ActiveCfg = Release|Any CPU
		{2E5F7E7E-1F43-418B-8F7B-7F99494A605D}.Release|Any CPU.Build.0 = Release|Any CPU
		{2E5F7E7E-1F43-418B-8F7B-7F99494A605D}.Release|x64.ActiveCfg = Release|Any CPU
		{2E5F7E7E-1F43-418B-8F7B-7F99494A605D}.Release|x64.Build.0 = Release|Any CPU
		{2E5F7E7E-1F43-418B-8F7B-7F99494A605D}.Release|x86.ActiveCfg = Release|Any CPU
		{2E5F7E7E-1F43-418B-8F7B-7F99494A605D}.Release|x86.Build.0 = Release|Any CPU
		{378128C8-DD36-4A0C-ADDE-BDFEBDC71848}.Debug|Any CPU.ActiveCfg = Debug|Any CPU
		{378128C8-DD36-4A0C-ADDE-BDFEBDC71848}.Debug|Any CPU.Build.0 = Debug|Any CPU
		{378128C8-DD36-4A0C-ADDE-BDFEBDC71848}.Debug|x64.ActiveCfg = Debug|Any CPU
		{378128C8-DD36-4A0C-ADDE-BDFEBDC71848}.Debug|x64.Build.0 = Debug|Any CPU
		{378128C8-DD36-4A0C-ADDE-BDFEBDC71848}.Debug|x86.ActiveCfg = Debug|Any CPU
		{378128C8-DD36-4A0C-ADDE-BDFEBDC71848}.Debug|x86.Build.0 = Debug|Any CPU
		{378128C8-DD36-4A0C-ADDE-BDFEBDC71848}.Release|Any CPU.ActiveCfg = Release|Any CPU
		{378128C8-DD36-4A0C-ADDE-BDFEBDC71848}.Release|Any CPU.Build.0 = Release|Any CPU
		{378128C8-DD36-4A0C-ADDE-BDFEBDC71848}.Release|x64.ActiveCfg = Release|Any CPU
		{378128C8-DD36-4A0C-ADDE-BDFEBDC71848}.Release|x64.Build.0 = Release|Any CPU
		{378128C8-DD36-4A0C-ADDE-BDFEBDC71848}.Release|x86.ActiveCfg = Release|Any CPU
		{378128C8-DD36-4A0C-ADDE-BDFEBDC71848}.Release|x86.Build.0 = Release|Any CPU
		{093B336C-09CD-4C13-8D4C-ECC52478F2D2}.Debug|Any CPU.ActiveCfg = Debug|Any CPU
		{093B336C-09CD-4C13-8D4C-ECC52478F2D2}.Debug|Any CPU.Build.0 = Debug|Any CPU
		{093B336C-09CD-4C13-8D4C-ECC52478F2D2}.Debug|x64.ActiveCfg = Debug|Any CPU
		{093B336C-09CD-4C13-8D4C-ECC52478F2D2}.Debug|x64.Build.0 = Debug|Any CPU
		{093B336C-09CD-4C13-8D4C-ECC52478F2D2}.Debug|x86.ActiveCfg = Debug|Any CPU
		{093B336C-09CD-4C13-8D4C-ECC52478F2D2}.Debug|x86.Build.0 = Debug|Any CPU
		{093B336C-09CD-4C13-8D4C-ECC52478F2D2}.Release|Any CPU.ActiveCfg = Release|Any CPU
		{093B336C-09CD-4C13-8D4C-ECC52478F2D2}.Release|Any CPU.Build.0 = Release|Any CPU
		{093B336C-09CD-4C13-8D4C-ECC52478F2D2}.Release|x64.ActiveCfg = Release|Any CPU
		{093B336C-09CD-4C13-8D4C-ECC52478F2D2}.Release|x64.Build.0 = Release|Any CPU
		{093B336C-09CD-4C13-8D4C-ECC52478F2D2}.Release|x86.ActiveCfg = Release|Any CPU
		{093B336C-09CD-4C13-8D4C-ECC52478F2D2}.Release|x86.Build.0 = Release|Any CPU
		{F0377F2C-1859-4527-AD84-5C1A6F3041BC}.Debug|Any CPU.ActiveCfg = Debug|Any CPU
		{F0377F2C-1859-4527-AD84-5C1A6F3041BC}.Debug|Any CPU.Build.0 = Debug|Any CPU
		{F0377F2C-1859-4527-AD84-5C1A6F3041BC}.Debug|x64.ActiveCfg = Debug|Any CPU
		{F0377F2C-1859-4527-AD84-5C1A6F3041BC}.Debug|x64.Build.0 = Debug|Any CPU
		{F0377F2C-1859-4527-AD84-5C1A6F3041BC}.Debug|x86.ActiveCfg = Debug|Any CPU
		{F0377F2C-1859-4527-AD84-5C1A6F3041BC}.Debug|x86.Build.0 = Debug|Any CPU
		{F0377F2C-1859-4527-AD84-5C1A6F3041BC}.Release|Any CPU.ActiveCfg = Release|Any CPU
		{F0377F2C-1859-4527-AD84-5C1A6F3041BC}.Release|Any CPU.Build.0 = Release|Any CPU
		{F0377F2C-1859-4527-AD84-5C1A6F3041BC}.Release|x64.ActiveCfg = Release|Any CPU
		{F0377F2C-1859-4527-AD84-5C1A6F3041BC}.Release|x64.Build.0 = Release|Any CPU
		{F0377F2C-1859-4527-AD84-5C1A6F3041BC}.Release|x86.ActiveCfg = Release|Any CPU
		{F0377F2C-1859-4527-AD84-5C1A6F3041BC}.Release|x86.Build.0 = Release|Any CPU
		{D954B55F-BFBD-45DB-89BC-2C6EB5F40B82}.Debug|Any CPU.ActiveCfg = Debug|Any CPU
		{D954B55F-BFBD-45DB-89BC-2C6EB5F40B82}.Debug|Any CPU.Build.0 = Debug|Any CPU
		{D954B55F-BFBD-45DB-89BC-2C6EB5F40B82}.Debug|x64.ActiveCfg = Debug|Any CPU
		{D954B55F-BFBD-45DB-89BC-2C6EB5F40B82}.Debug|x64.Build.0 = Debug|Any CPU
		{D954B55F-BFBD-45DB-89BC-2C6EB5F40B82}.Debug|x86.ActiveCfg = Debug|Any CPU
		{D954B55F-BFBD-45DB-89BC-2C6EB5F40B82}.Debug|x86.Build.0 = Debug|Any CPU
		{D954B55F-BFBD-45DB-89BC-2C6EB5F40B82}.Release|Any CPU.ActiveCfg = Release|Any CPU
		{D954B55F-BFBD-45DB-89BC-2C6EB5F40B82}.Release|Any CPU.Build.0 = Release|Any CPU
		{D954B55F-BFBD-45DB-89BC-2C6EB5F40B82}.Release|x64.ActiveCfg = Release|Any CPU
		{D954B55F-BFBD-45DB-89BC-2C6EB5F40B82}.Release|x64.Build.0 = Release|Any CPU
		{D954B55F-BFBD-45DB-89BC-2C6EB5F40B82}.Release|x86.ActiveCfg = Release|Any CPU
		{D954B55F-BFBD-45DB-89BC-2C6EB5F40B82}.Release|x86.Build.0 = Release|Any CPU
		{1DF1FAAE-C1E7-42AD-BA4A-EB50C59182E3}.Debug|Any CPU.ActiveCfg = Debug|Any CPU
		{1DF1FAAE-C1E7-42AD-BA4A-EB50C59182E3}.Debug|Any CPU.Build.0 = Debug|Any CPU
		{1DF1FAAE-C1E7-42AD-BA4A-EB50C59182E3}.Debug|x64.ActiveCfg = Debug|Any CPU
		{1DF1FAAE-C1E7-42AD-BA4A-EB50C59182E3}.Debug|x64.Build.0 = Debug|Any CPU
		{1DF1FAAE-C1E7-42AD-BA4A-EB50C59182E3}.Debug|x86.ActiveCfg = Debug|Any CPU
		{1DF1FAAE-C1E7-42AD-BA4A-EB50C59182E3}.Debug|x86.Build.0 = Debug|Any CPU
		{1DF1FAAE-C1E7-42AD-BA4A-EB50C59182E3}.Release|Any CPU.ActiveCfg = Release|Any CPU
		{1DF1FAAE-C1E7-42AD-BA4A-EB50C59182E3}.Release|Any CPU.Build.0 = Release|Any CPU
		{1DF1FAAE-C1E7-42AD-BA4A-EB50C59182E3}.Release|x64.ActiveCfg = Release|Any CPU
		{1DF1FAAE-C1E7-42AD-BA4A-EB50C59182E3}.Release|x64.Build.0 = Release|Any CPU
		{1DF1FAAE-C1E7-42AD-BA4A-EB50C59182E3}.Release|x86.ActiveCfg = Release|Any CPU
		{1DF1FAAE-C1E7-42AD-BA4A-EB50C59182E3}.Release|x86.Build.0 = Release|Any CPU
		{09D8B145-F185-4751-8ED0-EBF853683575}.Debug|Any CPU.ActiveCfg = Debug|Any CPU
		{09D8B145-F185-4751-8ED0-EBF853683575}.Debug|Any CPU.Build.0 = Debug|Any CPU
		{09D8B145-F185-4751-8ED0-EBF853683575}.Debug|x64.ActiveCfg = Debug|Any CPU
		{09D8B145-F185-4751-8ED0-EBF853683575}.Debug|x64.Build.0 = Debug|Any CPU
		{09D8B145-F185-4751-8ED0-EBF853683575}.Debug|x86.ActiveCfg = Debug|Any CPU
		{09D8B145-F185-4751-8ED0-EBF853683575}.Debug|x86.Build.0 = Debug|Any CPU
		{09D8B145-F185-4751-8ED0-EBF853683575}.Release|Any CPU.ActiveCfg = Release|Any CPU
		{09D8B145-F185-4751-8ED0-EBF853683575}.Release|Any CPU.Build.0 = Release|Any CPU
		{09D8B145-F185-4751-8ED0-EBF853683575}.Release|x64.ActiveCfg = Release|Any CPU
		{09D8B145-F185-4751-8ED0-EBF853683575}.Release|x64.Build.0 = Release|Any CPU
		{09D8B145-F185-4751-8ED0-EBF853683575}.Release|x86.ActiveCfg = Release|Any CPU
		{09D8B145-F185-4751-8ED0-EBF853683575}.Release|x86.Build.0 = Release|Any CPU
		{8693DD2E-9BB0-4F0C-A88B-1E9B6CD0E488}.Debug|Any CPU.ActiveCfg = Debug|Win32
		{8693DD2E-9BB0-4F0C-A88B-1E9B6CD0E488}.Debug|x64.ActiveCfg = Debug|x64
		{8693DD2E-9BB0-4F0C-A88B-1E9B6CD0E488}.Debug|x64.Build.0 = Debug|x64
		{8693DD2E-9BB0-4F0C-A88B-1E9B6CD0E488}.Debug|x86.ActiveCfg = Debug|Win32
		{8693DD2E-9BB0-4F0C-A88B-1E9B6CD0E488}.Debug|x86.Build.0 = Debug|Win32
		{8693DD2E-9BB0-4F0C-A88B-1E9B6CD0E488}.Release|Any CPU.ActiveCfg = Release|Win32
		{8693DD2E-9BB0-4F0C-A88B-1E9B6CD0E488}.Release|x64.ActiveCfg = Release|x64
		{8693DD2E-9BB0-4F0C-A88B-1E9B6CD0E488}.Release|x64.Build.0 = Release|x64
		{8693DD2E-9BB0-4F0C-A88B-1E9B6CD0E488}.Release|x86.ActiveCfg = Release|Win32
		{8693DD2E-9BB0-4F0C-A88B-1E9B6CD0E488}.Release|x86.Build.0 = Release|Win32
		{2B39C6DE-B3A1-41EF-9B2F-F60E93A37344}.Debug|Any CPU.ActiveCfg = Debug|Any CPU
		{2B39C6DE-B3A1-41EF-9B2F-F60E93A37344}.Debug|Any CPU.Build.0 = Debug|Any CPU
		{2B39C6DE-B3A1-41EF-9B2F-F60E93A37344}.Debug|x64.ActiveCfg = Debug|Any CPU
		{2B39C6DE-B3A1-41EF-9B2F-F60E93A37344}.Debug|x64.Build.0 = Debug|Any CPU
		{2B39C6DE-B3A1-41EF-9B2F-F60E93A37344}.Debug|x86.ActiveCfg = Debug|Any CPU
		{2B39C6DE-B3A1-41EF-9B2F-F60E93A37344}.Debug|x86.Build.0 = Debug|Any CPU
		{2B39C6DE-B3A1-41EF-9B2F-F60E93A37344}.Release|Any CPU.ActiveCfg = Release|Any CPU
		{2B39C6DE-B3A1-41EF-9B2F-F60E93A37344}.Release|Any CPU.Build.0 = Release|Any CPU
		{2B39C6DE-B3A1-41EF-9B2F-F60E93A37344}.Release|x64.ActiveCfg = Release|Any CPU
		{2B39C6DE-B3A1-41EF-9B2F-F60E93A37344}.Release|x64.Build.0 = Release|Any CPU
		{2B39C6DE-B3A1-41EF-9B2F-F60E93A37344}.Release|x86.ActiveCfg = Release|Any CPU
		{2B39C6DE-B3A1-41EF-9B2F-F60E93A37344}.Release|x86.Build.0 = Release|Any CPU
		{643B3506-0E79-4633-A17F-C48C0CD85124}.Debug|Any CPU.ActiveCfg = Debug|Any CPU
		{643B3506-0E79-4633-A17F-C48C0CD85124}.Debug|Any CPU.Build.0 = Debug|Any CPU
		{643B3506-0E79-4633-A17F-C48C0CD85124}.Debug|x64.ActiveCfg = Debug|Any CPU
		{643B3506-0E79-4633-A17F-C48C0CD85124}.Debug|x64.Build.0 = Debug|Any CPU
		{643B3506-0E79-4633-A17F-C48C0CD85124}.Debug|x86.ActiveCfg = Debug|Any CPU
		{643B3506-0E79-4633-A17F-C48C0CD85124}.Debug|x86.Build.0 = Debug|Any CPU
		{643B3506-0E79-4633-A17F-C48C0CD85124}.Release|Any CPU.ActiveCfg = Release|Any CPU
		{643B3506-0E79-4633-A17F-C48C0CD85124}.Release|Any CPU.Build.0 = Release|Any CPU
		{643B3506-0E79-4633-A17F-C48C0CD85124}.Release|x64.ActiveCfg = Release|Any CPU
		{643B3506-0E79-4633-A17F-C48C0CD85124}.Release|x64.Build.0 = Release|Any CPU
		{643B3506-0E79-4633-A17F-C48C0CD85124}.Release|x86.ActiveCfg = Release|Any CPU
		{643B3506-0E79-4633-A17F-C48C0CD85124}.Release|x86.Build.0 = Release|Any CPU
		{40926B2B-45FB-4732-8561-629BFFF1911F}.Debug|Any CPU.ActiveCfg = Debug|Any CPU
		{40926B2B-45FB-4732-8561-629BFFF1911F}.Debug|Any CPU.Build.0 = Debug|Any CPU
		{40926B2B-45FB-4732-8561-629BFFF1911F}.Debug|x64.ActiveCfg = Debug|Any CPU
		{40926B2B-45FB-4732-8561-629BFFF1911F}.Debug|x64.Build.0 = Debug|Any CPU
		{40926B2B-45FB-4732-8561-629BFFF1911F}.Debug|x86.ActiveCfg = Debug|Any CPU
		{40926B2B-45FB-4732-8561-629BFFF1911F}.Debug|x86.Build.0 = Debug|Any CPU
		{40926B2B-45FB-4732-8561-629BFFF1911F}.Release|Any CPU.ActiveCfg = Release|Any CPU
		{40926B2B-45FB-4732-8561-629BFFF1911F}.Release|Any CPU.Build.0 = Release|Any CPU
		{40926B2B-45FB-4732-8561-629BFFF1911F}.Release|x64.ActiveCfg = Release|Any CPU
		{40926B2B-45FB-4732-8561-629BFFF1911F}.Release|x64.Build.0 = Release|Any CPU
		{40926B2B-45FB-4732-8561-629BFFF1911F}.Release|x86.ActiveCfg = Release|Any CPU
		{40926B2B-45FB-4732-8561-629BFFF1911F}.Release|x86.Build.0 = Release|Any CPU
		{927E987A-2650-464E-B793-639069896F3A}.Debug|Any CPU.ActiveCfg = Debug|Any CPU
		{927E987A-2650-464E-B793-639069896F3A}.Debug|Any CPU.Build.0 = Debug|Any CPU
		{927E987A-2650-464E-B793-639069896F3A}.Debug|x64.ActiveCfg = Debug|Any CPU
		{927E987A-2650-464E-B793-639069896F3A}.Debug|x64.Build.0 = Debug|Any CPU
		{927E987A-2650-464E-B793-639069896F3A}.Debug|x86.ActiveCfg = Debug|Any CPU
		{927E987A-2650-464E-B793-639069896F3A}.Debug|x86.Build.0 = Debug|Any CPU
		{927E987A-2650-464E-B793-639069896F3A}.Release|Any CPU.ActiveCfg = Release|Any CPU
		{927E987A-2650-464E-B793-639069896F3A}.Release|Any CPU.Build.0 = Release|Any CPU
		{927E987A-2650-464E-B793-639069896F3A}.Release|x64.ActiveCfg = Release|Any CPU
		{927E987A-2650-464E-B793-639069896F3A}.Release|x64.Build.0 = Release|Any CPU
		{927E987A-2650-464E-B793-639069896F3A}.Release|x86.ActiveCfg = Release|Any CPU
		{927E987A-2650-464E-B793-639069896F3A}.Release|x86.Build.0 = Release|Any CPU
		{773FEBCA-200A-4201-A9E1-33EA47CE3AEB}.Debug|Any CPU.ActiveCfg = Debug|Any CPU
		{773FEBCA-200A-4201-A9E1-33EA47CE3AEB}.Debug|Any CPU.Build.0 = Debug|Any CPU
		{773FEBCA-200A-4201-A9E1-33EA47CE3AEB}.Debug|x64.ActiveCfg = Debug|Any CPU
		{773FEBCA-200A-4201-A9E1-33EA47CE3AEB}.Debug|x64.Build.0 = Debug|Any CPU
		{773FEBCA-200A-4201-A9E1-33EA47CE3AEB}.Debug|x86.ActiveCfg = Debug|Any CPU
		{773FEBCA-200A-4201-A9E1-33EA47CE3AEB}.Debug|x86.Build.0 = Debug|Any CPU
		{773FEBCA-200A-4201-A9E1-33EA47CE3AEB}.Release|Any CPU.ActiveCfg = Release|Any CPU
		{773FEBCA-200A-4201-A9E1-33EA47CE3AEB}.Release|Any CPU.Build.0 = Release|Any CPU
		{773FEBCA-200A-4201-A9E1-33EA47CE3AEB}.Release|x64.ActiveCfg = Release|Any CPU
		{773FEBCA-200A-4201-A9E1-33EA47CE3AEB}.Release|x64.Build.0 = Release|Any CPU
		{773FEBCA-200A-4201-A9E1-33EA47CE3AEB}.Release|x86.ActiveCfg = Release|Any CPU
		{773FEBCA-200A-4201-A9E1-33EA47CE3AEB}.Release|x86.Build.0 = Release|Any CPU
		{BD53B37C-9BE0-4B8C-A0BC-9547A83605F5}.Debug|Any CPU.ActiveCfg = Debug|Any CPU
		{BD53B37C-9BE0-4B8C-A0BC-9547A83605F5}.Debug|Any CPU.Build.0 = Debug|Any CPU
		{BD53B37C-9BE0-4B8C-A0BC-9547A83605F5}.Debug|x64.ActiveCfg = Debug|Any CPU
		{BD53B37C-9BE0-4B8C-A0BC-9547A83605F5}.Debug|x64.Build.0 = Debug|Any CPU
		{BD53B37C-9BE0-4B8C-A0BC-9547A83605F5}.Debug|x86.ActiveCfg = Debug|Any CPU
		{BD53B37C-9BE0-4B8C-A0BC-9547A83605F5}.Debug|x86.Build.0 = Debug|Any CPU
		{BD53B37C-9BE0-4B8C-A0BC-9547A83605F5}.Release|Any CPU.ActiveCfg = Release|Any CPU
		{BD53B37C-9BE0-4B8C-A0BC-9547A83605F5}.Release|Any CPU.Build.0 = Release|Any CPU
		{BD53B37C-9BE0-4B8C-A0BC-9547A83605F5}.Release|x64.ActiveCfg = Release|Any CPU
		{BD53B37C-9BE0-4B8C-A0BC-9547A83605F5}.Release|x64.Build.0 = Release|Any CPU
		{BD53B37C-9BE0-4B8C-A0BC-9547A83605F5}.Release|x86.ActiveCfg = Release|Any CPU
		{BD53B37C-9BE0-4B8C-A0BC-9547A83605F5}.Release|x86.Build.0 = Release|Any CPU
		{2154D1E4-ECEC-460E-8FD7-583ED91A64C9}.Debug|Any CPU.ActiveCfg = Debug|Any CPU
		{2154D1E4-ECEC-460E-8FD7-583ED91A64C9}.Debug|Any CPU.Build.0 = Debug|Any CPU
		{2154D1E4-ECEC-460E-8FD7-583ED91A64C9}.Debug|x64.ActiveCfg = Debug|Any CPU
		{2154D1E4-ECEC-460E-8FD7-583ED91A64C9}.Debug|x64.Build.0 = Debug|Any CPU
		{2154D1E4-ECEC-460E-8FD7-583ED91A64C9}.Debug|x86.ActiveCfg = Debug|Any CPU
		{2154D1E4-ECEC-460E-8FD7-583ED91A64C9}.Debug|x86.Build.0 = Debug|Any CPU
		{2154D1E4-ECEC-460E-8FD7-583ED91A64C9}.Release|Any CPU.ActiveCfg = Release|Any CPU
		{2154D1E4-ECEC-460E-8FD7-583ED91A64C9}.Release|Any CPU.Build.0 = Release|Any CPU
		{2154D1E4-ECEC-460E-8FD7-583ED91A64C9}.Release|x64.ActiveCfg = Release|Any CPU
		{2154D1E4-ECEC-460E-8FD7-583ED91A64C9}.Release|x64.Build.0 = Release|Any CPU
		{2154D1E4-ECEC-460E-8FD7-583ED91A64C9}.Release|x86.ActiveCfg = Release|Any CPU
		{2154D1E4-ECEC-460E-8FD7-583ED91A64C9}.Release|x86.Build.0 = Release|Any CPU
		{CB2E870B-6C42-44F1-80EF-75A5DCCC47B9}.Debug|Any CPU.ActiveCfg = Debug|Any CPU
		{CB2E870B-6C42-44F1-80EF-75A5DCCC47B9}.Debug|Any CPU.Build.0 = Debug|Any CPU
		{CB2E870B-6C42-44F1-80EF-75A5DCCC47B9}.Debug|x64.ActiveCfg = Debug|Any CPU
		{CB2E870B-6C42-44F1-80EF-75A5DCCC47B9}.Debug|x64.Build.0 = Debug|Any CPU
		{CB2E870B-6C42-44F1-80EF-75A5DCCC47B9}.Debug|x86.ActiveCfg = Debug|Any CPU
		{CB2E870B-6C42-44F1-80EF-75A5DCCC47B9}.Debug|x86.Build.0 = Debug|Any CPU
		{CB2E870B-6C42-44F1-80EF-75A5DCCC47B9}.Release|Any CPU.ActiveCfg = Release|Any CPU
		{CB2E870B-6C42-44F1-80EF-75A5DCCC47B9}.Release|Any CPU.Build.0 = Release|Any CPU
		{CB2E870B-6C42-44F1-80EF-75A5DCCC47B9}.Release|x64.ActiveCfg = Release|Any CPU
		{CB2E870B-6C42-44F1-80EF-75A5DCCC47B9}.Release|x64.Build.0 = Release|Any CPU
		{CB2E870B-6C42-44F1-80EF-75A5DCCC47B9}.Release|x86.ActiveCfg = Release|Any CPU
		{CB2E870B-6C42-44F1-80EF-75A5DCCC47B9}.Release|x86.Build.0 = Release|Any CPU
		{A69F8222-0F2C-47F3-81E7-A81238021AAE}.Debug|Any CPU.ActiveCfg = Debug|Any CPU
		{A69F8222-0F2C-47F3-81E7-A81238021AAE}.Debug|Any CPU.Build.0 = Debug|Any CPU
		{A69F8222-0F2C-47F3-81E7-A81238021AAE}.Debug|x64.ActiveCfg = Debug|Any CPU
		{A69F8222-0F2C-47F3-81E7-A81238021AAE}.Debug|x64.Build.0 = Debug|Any CPU
		{A69F8222-0F2C-47F3-81E7-A81238021AAE}.Debug|x86.ActiveCfg = Debug|Any CPU
		{A69F8222-0F2C-47F3-81E7-A81238021AAE}.Debug|x86.Build.0 = Debug|Any CPU
		{A69F8222-0F2C-47F3-81E7-A81238021AAE}.Release|Any CPU.ActiveCfg = Release|Any CPU
		{A69F8222-0F2C-47F3-81E7-A81238021AAE}.Release|Any CPU.Build.0 = Release|Any CPU
		{A69F8222-0F2C-47F3-81E7-A81238021AAE}.Release|x64.ActiveCfg = Release|Any CPU
		{A69F8222-0F2C-47F3-81E7-A81238021AAE}.Release|x64.Build.0 = Release|Any CPU
		{A69F8222-0F2C-47F3-81E7-A81238021AAE}.Release|x86.ActiveCfg = Release|Any CPU
		{A69F8222-0F2C-47F3-81E7-A81238021AAE}.Release|x86.Build.0 = Release|Any CPU
		{8C94B975-C428-4AA0-ACBB-73CF1F85B10E}.Debug|Any CPU.ActiveCfg = Debug|Any CPU
		{8C94B975-C428-4AA0-ACBB-73CF1F85B10E}.Debug|Any CPU.Build.0 = Debug|Any CPU
		{8C94B975-C428-4AA0-ACBB-73CF1F85B10E}.Debug|x64.ActiveCfg = Debug|Any CPU
		{8C94B975-C428-4AA0-ACBB-73CF1F85B10E}.Debug|x64.Build.0 = Debug|Any CPU
		{8C94B975-C428-4AA0-ACBB-73CF1F85B10E}.Debug|x86.ActiveCfg = Debug|Any CPU
		{8C94B975-C428-4AA0-ACBB-73CF1F85B10E}.Debug|x86.Build.0 = Debug|Any CPU
		{8C94B975-C428-4AA0-ACBB-73CF1F85B10E}.Release|Any CPU.ActiveCfg = Release|Any CPU
		{8C94B975-C428-4AA0-ACBB-73CF1F85B10E}.Release|Any CPU.Build.0 = Release|Any CPU
		{8C94B975-C428-4AA0-ACBB-73CF1F85B10E}.Release|x64.ActiveCfg = Release|Any CPU
		{8C94B975-C428-4AA0-ACBB-73CF1F85B10E}.Release|x64.Build.0 = Release|Any CPU
		{8C94B975-C428-4AA0-ACBB-73CF1F85B10E}.Release|x86.ActiveCfg = Release|Any CPU
		{8C94B975-C428-4AA0-ACBB-73CF1F85B10E}.Release|x86.Build.0 = Release|Any CPU
		{19C4E9FD-14AA-4A5C-8752-C8AB0A82DF56}.Debug|Any CPU.ActiveCfg = Debug|Any CPU
		{19C4E9FD-14AA-4A5C-8752-C8AB0A82DF56}.Debug|Any CPU.Build.0 = Debug|Any CPU
		{19C4E9FD-14AA-4A5C-8752-C8AB0A82DF56}.Debug|x64.ActiveCfg = Debug|Any CPU
		{19C4E9FD-14AA-4A5C-8752-C8AB0A82DF56}.Debug|x64.Build.0 = Debug|Any CPU
		{19C4E9FD-14AA-4A5C-8752-C8AB0A82DF56}.Debug|x86.ActiveCfg = Debug|Any CPU
		{19C4E9FD-14AA-4A5C-8752-C8AB0A82DF56}.Debug|x86.Build.0 = Debug|Any CPU
		{19C4E9FD-14AA-4A5C-8752-C8AB0A82DF56}.Release|Any CPU.ActiveCfg = Release|Any CPU
		{19C4E9FD-14AA-4A5C-8752-C8AB0A82DF56}.Release|Any CPU.Build.0 = Release|Any CPU
		{19C4E9FD-14AA-4A5C-8752-C8AB0A82DF56}.Release|x64.ActiveCfg = Release|Any CPU
		{19C4E9FD-14AA-4A5C-8752-C8AB0A82DF56}.Release|x64.Build.0 = Release|Any CPU
		{19C4E9FD-14AA-4A5C-8752-C8AB0A82DF56}.Release|x86.ActiveCfg = Release|Any CPU
		{19C4E9FD-14AA-4A5C-8752-C8AB0A82DF56}.Release|x86.Build.0 = Release|Any CPU
		{5D25D06E-0D35-42EF-BBA2-D5DE6E06CD04}.Debug|Any CPU.ActiveCfg = Debug|Any CPU
		{5D25D06E-0D35-42EF-BBA2-D5DE6E06CD04}.Debug|Any CPU.Build.0 = Debug|Any CPU
		{5D25D06E-0D35-42EF-BBA2-D5DE6E06CD04}.Debug|x64.ActiveCfg = Debug|Any CPU
		{5D25D06E-0D35-42EF-BBA2-D5DE6E06CD04}.Debug|x64.Build.0 = Debug|Any CPU
		{5D25D06E-0D35-42EF-BBA2-D5DE6E06CD04}.Debug|x86.ActiveCfg = Debug|Any CPU
		{5D25D06E-0D35-42EF-BBA2-D5DE6E06CD04}.Debug|x86.Build.0 = Debug|Any CPU
		{5D25D06E-0D35-42EF-BBA2-D5DE6E06CD04}.Release|Any CPU.ActiveCfg = Release|Any CPU
		{5D25D06E-0D35-42EF-BBA2-D5DE6E06CD04}.Release|Any CPU.Build.0 = Release|Any CPU
		{5D25D06E-0D35-42EF-BBA2-D5DE6E06CD04}.Release|x64.ActiveCfg = Release|Any CPU
		{5D25D06E-0D35-42EF-BBA2-D5DE6E06CD04}.Release|x64.Build.0 = Release|Any CPU
		{5D25D06E-0D35-42EF-BBA2-D5DE6E06CD04}.Release|x86.ActiveCfg = Release|Any CPU
		{5D25D06E-0D35-42EF-BBA2-D5DE6E06CD04}.Release|x86.Build.0 = Release|Any CPU
		{181FE707-E161-4722-9F38-6AAAB6FAA106}.Debug|Any CPU.ActiveCfg = Debug|Any CPU
		{181FE707-E161-4722-9F38-6AAAB6FAA106}.Debug|Any CPU.Build.0 = Debug|Any CPU
		{181FE707-E161-4722-9F38-6AAAB6FAA106}.Debug|x64.ActiveCfg = Debug|Any CPU
		{181FE707-E161-4722-9F38-6AAAB6FAA106}.Debug|x64.Build.0 = Debug|Any CPU
		{181FE707-E161-4722-9F38-6AAAB6FAA106}.Debug|x86.ActiveCfg = Debug|Any CPU
		{181FE707-E161-4722-9F38-6AAAB6FAA106}.Debug|x86.Build.0 = Debug|Any CPU
		{181FE707-E161-4722-9F38-6AAAB6FAA106}.Release|Any CPU.ActiveCfg = Release|Any CPU
		{181FE707-E161-4722-9F38-6AAAB6FAA106}.Release|Any CPU.Build.0 = Release|Any CPU
		{181FE707-E161-4722-9F38-6AAAB6FAA106}.Release|x64.ActiveCfg = Release|Any CPU
		{181FE707-E161-4722-9F38-6AAAB6FAA106}.Release|x64.Build.0 = Release|Any CPU
		{181FE707-E161-4722-9F38-6AAAB6FAA106}.Release|x86.ActiveCfg = Release|Any CPU
		{181FE707-E161-4722-9F38-6AAAB6FAA106}.Release|x86.Build.0 = Release|Any CPU
		{C64C36CB-EFD8-49A2-8C70-968C38C666BF}.Debug|Any CPU.ActiveCfg = Debug|Any CPU
		{C64C36CB-EFD8-49A2-8C70-968C38C666BF}.Debug|Any CPU.Build.0 = Debug|Any CPU
		{C64C36CB-EFD8-49A2-8C70-968C38C666BF}.Debug|x64.ActiveCfg = Debug|Any CPU
		{C64C36CB-EFD8-49A2-8C70-968C38C666BF}.Debug|x64.Build.0 = Debug|Any CPU
		{C64C36CB-EFD8-49A2-8C70-968C38C666BF}.Debug|x86.ActiveCfg = Debug|Any CPU
		{C64C36CB-EFD8-49A2-8C70-968C38C666BF}.Debug|x86.Build.0 = Debug|Any CPU
		{C64C36CB-EFD8-49A2-8C70-968C38C666BF}.Release|Any CPU.ActiveCfg = Release|Any CPU
		{C64C36CB-EFD8-49A2-8C70-968C38C666BF}.Release|Any CPU.Build.0 = Release|Any CPU
		{C64C36CB-EFD8-49A2-8C70-968C38C666BF}.Release|x64.ActiveCfg = Release|Any CPU
		{C64C36CB-EFD8-49A2-8C70-968C38C666BF}.Release|x64.Build.0 = Release|Any CPU
		{C64C36CB-EFD8-49A2-8C70-968C38C666BF}.Release|x86.ActiveCfg = Release|Any CPU
		{C64C36CB-EFD8-49A2-8C70-968C38C666BF}.Release|x86.Build.0 = Release|Any CPU
		{C4CDDBDE-C980-45C9-9F72-51273D2ACC71}.Debug|Any CPU.ActiveCfg = Debug|Any CPU
		{C4CDDBDE-C980-45C9-9F72-51273D2ACC71}.Debug|Any CPU.Build.0 = Debug|Any CPU
		{C4CDDBDE-C980-45C9-9F72-51273D2ACC71}.Debug|x64.ActiveCfg = Debug|Any CPU
		{C4CDDBDE-C980-45C9-9F72-51273D2ACC71}.Debug|x64.Build.0 = Debug|Any CPU
		{C4CDDBDE-C980-45C9-9F72-51273D2ACC71}.Debug|x86.ActiveCfg = Debug|Any CPU
		{C4CDDBDE-C980-45C9-9F72-51273D2ACC71}.Debug|x86.Build.0 = Debug|Any CPU
		{C4CDDBDE-C980-45C9-9F72-51273D2ACC71}.Release|Any CPU.ActiveCfg = Release|Any CPU
		{C4CDDBDE-C980-45C9-9F72-51273D2ACC71}.Release|Any CPU.Build.0 = Release|Any CPU
		{C4CDDBDE-C980-45C9-9F72-51273D2ACC71}.Release|x64.ActiveCfg = Release|Any CPU
		{C4CDDBDE-C980-45C9-9F72-51273D2ACC71}.Release|x64.Build.0 = Release|Any CPU
		{C4CDDBDE-C980-45C9-9F72-51273D2ACC71}.Release|x86.ActiveCfg = Release|Any CPU
		{C4CDDBDE-C980-45C9-9F72-51273D2ACC71}.Release|x86.Build.0 = Release|Any CPU
		{124D8F97-5AF3-4CBB-BDE2-0678CD50D721}.Debug|Any CPU.ActiveCfg = Debug|Any CPU
		{124D8F97-5AF3-4CBB-BDE2-0678CD50D721}.Debug|Any CPU.Build.0 = Debug|Any CPU
		{124D8F97-5AF3-4CBB-BDE2-0678CD50D721}.Debug|x64.ActiveCfg = Debug|Any CPU
		{124D8F97-5AF3-4CBB-BDE2-0678CD50D721}.Debug|x64.Build.0 = Debug|Any CPU
		{124D8F97-5AF3-4CBB-BDE2-0678CD50D721}.Debug|x86.ActiveCfg = Debug|Any CPU
		{124D8F97-5AF3-4CBB-BDE2-0678CD50D721}.Debug|x86.Build.0 = Debug|Any CPU
		{124D8F97-5AF3-4CBB-BDE2-0678CD50D721}.Release|Any CPU.ActiveCfg = Release|Any CPU
		{124D8F97-5AF3-4CBB-BDE2-0678CD50D721}.Release|Any CPU.Build.0 = Release|Any CPU
		{124D8F97-5AF3-4CBB-BDE2-0678CD50D721}.Release|x64.ActiveCfg = Release|Any CPU
		{124D8F97-5AF3-4CBB-BDE2-0678CD50D721}.Release|x64.Build.0 = Release|Any CPU
		{124D8F97-5AF3-4CBB-BDE2-0678CD50D721}.Release|x86.ActiveCfg = Release|Any CPU
		{124D8F97-5AF3-4CBB-BDE2-0678CD50D721}.Release|x86.Build.0 = Release|Any CPU
		{CE17F859-EF0C-4D53-A9E7-3B4F34C00372}.Debug|Any CPU.ActiveCfg = Debug|Any CPU
		{CE17F859-EF0C-4D53-A9E7-3B4F34C00372}.Debug|Any CPU.Build.0 = Debug|Any CPU
		{CE17F859-EF0C-4D53-A9E7-3B4F34C00372}.Debug|x64.ActiveCfg = Debug|Any CPU
		{CE17F859-EF0C-4D53-A9E7-3B4F34C00372}.Debug|x64.Build.0 = Debug|Any CPU
		{CE17F859-EF0C-4D53-A9E7-3B4F34C00372}.Debug|x86.ActiveCfg = Debug|Any CPU
		{CE17F859-EF0C-4D53-A9E7-3B4F34C00372}.Debug|x86.Build.0 = Debug|Any CPU
		{CE17F859-EF0C-4D53-A9E7-3B4F34C00372}.Release|Any CPU.ActiveCfg = Release|Any CPU
		{CE17F859-EF0C-4D53-A9E7-3B4F34C00372}.Release|Any CPU.Build.0 = Release|Any CPU
		{CE17F859-EF0C-4D53-A9E7-3B4F34C00372}.Release|x64.ActiveCfg = Release|Any CPU
		{CE17F859-EF0C-4D53-A9E7-3B4F34C00372}.Release|x64.Build.0 = Release|Any CPU
		{CE17F859-EF0C-4D53-A9E7-3B4F34C00372}.Release|x86.ActiveCfg = Release|Any CPU
		{CE17F859-EF0C-4D53-A9E7-3B4F34C00372}.Release|x86.Build.0 = Release|Any CPU
		{F3B9CF6B-6A4D-4577-90B0-1BC3D238F0F9}.Debug|Any CPU.ActiveCfg = Debug|Any CPU
		{F3B9CF6B-6A4D-4577-90B0-1BC3D238F0F9}.Debug|Any CPU.Build.0 = Debug|Any CPU
		{F3B9CF6B-6A4D-4577-90B0-1BC3D238F0F9}.Debug|x64.ActiveCfg = Debug|Any CPU
		{F3B9CF6B-6A4D-4577-90B0-1BC3D238F0F9}.Debug|x64.Build.0 = Debug|Any CPU
		{F3B9CF6B-6A4D-4577-90B0-1BC3D238F0F9}.Debug|x86.ActiveCfg = Debug|Any CPU
		{F3B9CF6B-6A4D-4577-90B0-1BC3D238F0F9}.Debug|x86.Build.0 = Debug|Any CPU
		{F3B9CF6B-6A4D-4577-90B0-1BC3D238F0F9}.Release|Any CPU.ActiveCfg = Release|Any CPU
		{F3B9CF6B-6A4D-4577-90B0-1BC3D238F0F9}.Release|Any CPU.Build.0 = Release|Any CPU
		{F3B9CF6B-6A4D-4577-90B0-1BC3D238F0F9}.Release|x64.ActiveCfg = Release|Any CPU
		{F3B9CF6B-6A4D-4577-90B0-1BC3D238F0F9}.Release|x64.Build.0 = Release|Any CPU
		{F3B9CF6B-6A4D-4577-90B0-1BC3D238F0F9}.Release|x86.ActiveCfg = Release|Any CPU
		{F3B9CF6B-6A4D-4577-90B0-1BC3D238F0F9}.Release|x86.Build.0 = Release|Any CPU
		{3980FC46-64BA-41CA-A797-E3D7661ECBFC}.Debug|Any CPU.ActiveCfg = Debug|Any CPU
		{3980FC46-64BA-41CA-A797-E3D7661ECBFC}.Debug|Any CPU.Build.0 = Debug|Any CPU
		{3980FC46-64BA-41CA-A797-E3D7661ECBFC}.Debug|x64.ActiveCfg = Debug|Any CPU
		{3980FC46-64BA-41CA-A797-E3D7661ECBFC}.Debug|x64.Build.0 = Debug|Any CPU
		{3980FC46-64BA-41CA-A797-E3D7661ECBFC}.Debug|x86.ActiveCfg = Debug|Any CPU
		{3980FC46-64BA-41CA-A797-E3D7661ECBFC}.Debug|x86.Build.0 = Debug|Any CPU
		{3980FC46-64BA-41CA-A797-E3D7661ECBFC}.Release|Any CPU.ActiveCfg = Release|Any CPU
		{3980FC46-64BA-41CA-A797-E3D7661ECBFC}.Release|Any CPU.Build.0 = Release|Any CPU
		{3980FC46-64BA-41CA-A797-E3D7661ECBFC}.Release|x64.ActiveCfg = Release|Any CPU
		{3980FC46-64BA-41CA-A797-E3D7661ECBFC}.Release|x64.Build.0 = Release|Any CPU
		{3980FC46-64BA-41CA-A797-E3D7661ECBFC}.Release|x86.ActiveCfg = Release|Any CPU
		{3980FC46-64BA-41CA-A797-E3D7661ECBFC}.Release|x86.Build.0 = Release|Any CPU
		{6F6EFB81-9648-4F73-80B0-68DAB5F0F629}.Debug|Any CPU.ActiveCfg = Debug|Any CPU
		{6F6EFB81-9648-4F73-80B0-68DAB5F0F629}.Debug|Any CPU.Build.0 = Debug|Any CPU
		{6F6EFB81-9648-4F73-80B0-68DAB5F0F629}.Debug|x64.ActiveCfg = Debug|Any CPU
		{6F6EFB81-9648-4F73-80B0-68DAB5F0F629}.Debug|x64.Build.0 = Debug|Any CPU
		{6F6EFB81-9648-4F73-80B0-68DAB5F0F629}.Debug|x86.ActiveCfg = Debug|Any CPU
		{6F6EFB81-9648-4F73-80B0-68DAB5F0F629}.Debug|x86.Build.0 = Debug|Any CPU
		{6F6EFB81-9648-4F73-80B0-68DAB5F0F629}.Release|Any CPU.ActiveCfg = Release|Any CPU
		{6F6EFB81-9648-4F73-80B0-68DAB5F0F629}.Release|Any CPU.Build.0 = Release|Any CPU
		{6F6EFB81-9648-4F73-80B0-68DAB5F0F629}.Release|x64.ActiveCfg = Release|Any CPU
		{6F6EFB81-9648-4F73-80B0-68DAB5F0F629}.Release|x64.Build.0 = Release|Any CPU
		{6F6EFB81-9648-4F73-80B0-68DAB5F0F629}.Release|x86.ActiveCfg = Release|Any CPU
		{6F6EFB81-9648-4F73-80B0-68DAB5F0F629}.Release|x86.Build.0 = Release|Any CPU
		{AE35EC08-3325-4DF2-A80B-5B4AC77D236D}.Debug|Any CPU.ActiveCfg = Debug|Any CPU
		{AE35EC08-3325-4DF2-A80B-5B4AC77D236D}.Debug|Any CPU.Build.0 = Debug|Any CPU
		{AE35EC08-3325-4DF2-A80B-5B4AC77D236D}.Debug|x64.ActiveCfg = Debug|Any CPU
		{AE35EC08-3325-4DF2-A80B-5B4AC77D236D}.Debug|x64.Build.0 = Debug|Any CPU
		{AE35EC08-3325-4DF2-A80B-5B4AC77D236D}.Debug|x86.ActiveCfg = Debug|Any CPU
		{AE35EC08-3325-4DF2-A80B-5B4AC77D236D}.Debug|x86.Build.0 = Debug|Any CPU
		{AE35EC08-3325-4DF2-A80B-5B4AC77D236D}.Release|Any CPU.ActiveCfg = Release|Any CPU
		{AE35EC08-3325-4DF2-A80B-5B4AC77D236D}.Release|Any CPU.Build.0 = Release|Any CPU
		{AE35EC08-3325-4DF2-A80B-5B4AC77D236D}.Release|x64.ActiveCfg = Release|Any CPU
		{AE35EC08-3325-4DF2-A80B-5B4AC77D236D}.Release|x64.Build.0 = Release|Any CPU
		{AE35EC08-3325-4DF2-A80B-5B4AC77D236D}.Release|x86.ActiveCfg = Release|Any CPU
		{AE35EC08-3325-4DF2-A80B-5B4AC77D236D}.Release|x86.Build.0 = Release|Any CPU
		{14F8289D-91EE-4D15-BDFC-E72C78859447}.Debug|Any CPU.ActiveCfg = Debug|Any CPU
		{14F8289D-91EE-4D15-BDFC-E72C78859447}.Debug|Any CPU.Build.0 = Debug|Any CPU
		{14F8289D-91EE-4D15-BDFC-E72C78859447}.Debug|x64.ActiveCfg = Debug|Any CPU
		{14F8289D-91EE-4D15-BDFC-E72C78859447}.Debug|x64.Build.0 = Debug|Any CPU
		{14F8289D-91EE-4D15-BDFC-E72C78859447}.Debug|x86.ActiveCfg = Debug|Any CPU
		{14F8289D-91EE-4D15-BDFC-E72C78859447}.Debug|x86.Build.0 = Debug|Any CPU
		{14F8289D-91EE-4D15-BDFC-E72C78859447}.Release|Any CPU.ActiveCfg = Release|Any CPU
		{14F8289D-91EE-4D15-BDFC-E72C78859447}.Release|Any CPU.Build.0 = Release|Any CPU
		{14F8289D-91EE-4D15-BDFC-E72C78859447}.Release|x64.ActiveCfg = Release|Any CPU
		{14F8289D-91EE-4D15-BDFC-E72C78859447}.Release|x64.Build.0 = Release|Any CPU
		{14F8289D-91EE-4D15-BDFC-E72C78859447}.Release|x86.ActiveCfg = Release|Any CPU
		{14F8289D-91EE-4D15-BDFC-E72C78859447}.Release|x86.Build.0 = Release|Any CPU
		{1AF07458-46FE-44B6-86E4-895AB2815E84}.Debug|Any CPU.ActiveCfg = Debug|Any CPU
		{1AF07458-46FE-44B6-86E4-895AB2815E84}.Debug|Any CPU.Build.0 = Debug|Any CPU
		{1AF07458-46FE-44B6-86E4-895AB2815E84}.Debug|x64.ActiveCfg = Debug|Any CPU
		{1AF07458-46FE-44B6-86E4-895AB2815E84}.Debug|x64.Build.0 = Debug|Any CPU
		{1AF07458-46FE-44B6-86E4-895AB2815E84}.Debug|x86.ActiveCfg = Debug|Any CPU
		{1AF07458-46FE-44B6-86E4-895AB2815E84}.Debug|x86.Build.0 = Debug|Any CPU
		{1AF07458-46FE-44B6-86E4-895AB2815E84}.Release|Any CPU.ActiveCfg = Release|Any CPU
		{1AF07458-46FE-44B6-86E4-895AB2815E84}.Release|Any CPU.Build.0 = Release|Any CPU
		{1AF07458-46FE-44B6-86E4-895AB2815E84}.Release|x64.ActiveCfg = Release|Any CPU
		{1AF07458-46FE-44B6-86E4-895AB2815E84}.Release|x64.Build.0 = Release|Any CPU
		{1AF07458-46FE-44B6-86E4-895AB2815E84}.Release|x86.ActiveCfg = Release|Any CPU
		{1AF07458-46FE-44B6-86E4-895AB2815E84}.Release|x86.Build.0 = Release|Any CPU
		{93F3DA7A-AC4C-4ACD-8E84-FA8DD1DE467A}.Debug|Any CPU.ActiveCfg = Debug|Any CPU
		{93F3DA7A-AC4C-4ACD-8E84-FA8DD1DE467A}.Debug|Any CPU.Build.0 = Debug|Any CPU
		{93F3DA7A-AC4C-4ACD-8E84-FA8DD1DE467A}.Debug|x64.ActiveCfg = Debug|Any CPU
		{93F3DA7A-AC4C-4ACD-8E84-FA8DD1DE467A}.Debug|x64.Build.0 = Debug|Any CPU
		{93F3DA7A-AC4C-4ACD-8E84-FA8DD1DE467A}.Debug|x86.ActiveCfg = Debug|Any CPU
		{93F3DA7A-AC4C-4ACD-8E84-FA8DD1DE467A}.Debug|x86.Build.0 = Debug|Any CPU
		{93F3DA7A-AC4C-4ACD-8E84-FA8DD1DE467A}.Release|Any CPU.ActiveCfg = Release|Any CPU
		{93F3DA7A-AC4C-4ACD-8E84-FA8DD1DE467A}.Release|Any CPU.Build.0 = Release|Any CPU
		{93F3DA7A-AC4C-4ACD-8E84-FA8DD1DE467A}.Release|x64.ActiveCfg = Release|Any CPU
		{93F3DA7A-AC4C-4ACD-8E84-FA8DD1DE467A}.Release|x64.Build.0 = Release|Any CPU
		{93F3DA7A-AC4C-4ACD-8E84-FA8DD1DE467A}.Release|x86.ActiveCfg = Release|Any CPU
		{93F3DA7A-AC4C-4ACD-8E84-FA8DD1DE467A}.Release|x86.Build.0 = Release|Any CPU
	EndGlobalSection
	GlobalSection(SolutionProperties) = preSolution
		HideSolutionNode = FALSE
	EndGlobalSection
	GlobalSection(NestedProjects) = preSolution
		{01B3B932-786E-4888-869B-495359880D36} = {BA49ADA9-BEE1-4D5F-99D3-7E11A6916244}
		{6E4A7504-3F18-48A4-B243-76CE5594247E} = {BA49ADA9-BEE1-4D5F-99D3-7E11A6916244}
		{58B26221-BE5F-4746-B51C-1894620734D7} = {BA49ADA9-BEE1-4D5F-99D3-7E11A6916244}
		{B7415673-BBDB-48D0-81D6-4CE2899303ED} = {BA49ADA9-BEE1-4D5F-99D3-7E11A6916244}
		{C37B130D-E5C7-4DC9-8FD6-42F6D803FF55} = {BA49ADA9-BEE1-4D5F-99D3-7E11A6916244}
		{08A51FE7-9CE3-4414-BA09-8A422FEC473D} = {BA49ADA9-BEE1-4D5F-99D3-7E11A6916244}
		{1DA77688-FC2D-4989-8236-C1305EC6E675} = {BA49ADA9-BEE1-4D5F-99D3-7E11A6916244}
		{2E5F7E7E-1F43-418B-8F7B-7F99494A605D} = {BA49ADA9-BEE1-4D5F-99D3-7E11A6916244}
		{378128C8-DD36-4A0C-ADDE-BDFEBDC71848} = {BA49ADA9-BEE1-4D5F-99D3-7E11A6916244}
		{093B336C-09CD-4C13-8D4C-ECC52478F2D2} = {BA49ADA9-BEE1-4D5F-99D3-7E11A6916244}
		{BA49ADA9-BEE1-4D5F-99D3-7E11A6916244} = {4CAC62A0-DE1C-4EB8-B855-2CBD3EEC7701}
		{0CE4ACF9-F547-41BB-BC10-8A6F80FFA07B} = {4CAC62A0-DE1C-4EB8-B855-2CBD3EEC7701}
		{8AD2B662-7F83-45B1-BB53-A1D0D9C1B43E} = {4CAC62A0-DE1C-4EB8-B855-2CBD3EEC7701}
		{F0377F2C-1859-4527-AD84-5C1A6F3041BC} = {BA49ADA9-BEE1-4D5F-99D3-7E11A6916244}
		{D954B55F-BFBD-45DB-89BC-2C6EB5F40B82} = {BA49ADA9-BEE1-4D5F-99D3-7E11A6916244}
		{F137F8FB-A66D-4A89-A9C4-2D767FE2E581} = {4CAC62A0-DE1C-4EB8-B855-2CBD3EEC7701}
		{1DF1FAAE-C1E7-42AD-BA4A-EB50C59182E3} = {F137F8FB-A66D-4A89-A9C4-2D767FE2E581}
		{09D8B145-F185-4751-8ED0-EBF853683575} = {BA49ADA9-BEE1-4D5F-99D3-7E11A6916244}
		{8693DD2E-9BB0-4F0C-A88B-1E9B6CD0E488} = {BA49ADA9-BEE1-4D5F-99D3-7E11A6916244}
		{2B39C6DE-B3A1-41EF-9B2F-F60E93A37344} = {BA49ADA9-BEE1-4D5F-99D3-7E11A6916244}
		{643B3506-0E79-4633-A17F-C48C0CD85124} = {BA49ADA9-BEE1-4D5F-99D3-7E11A6916244}
		{40926B2B-45FB-4732-8561-629BFFF1911F} = {BA49ADA9-BEE1-4D5F-99D3-7E11A6916244}
		{927E987A-2650-464E-B793-639069896F3A} = {BA49ADA9-BEE1-4D5F-99D3-7E11A6916244}
		{773FEBCA-200A-4201-A9E1-33EA47CE3AEB} = {BA49ADA9-BEE1-4D5F-99D3-7E11A6916244}
		{BD53B37C-9BE0-4B8C-A0BC-9547A83605F5} = {BA49ADA9-BEE1-4D5F-99D3-7E11A6916244}
		{2154D1E4-ECEC-460E-8FD7-583ED91A64C9} = {BA49ADA9-BEE1-4D5F-99D3-7E11A6916244}
		{CB2E870B-6C42-44F1-80EF-75A5DCCC47B9} = {BA49ADA9-BEE1-4D5F-99D3-7E11A6916244}
		{A69F8222-0F2C-47F3-81E7-A81238021AAE} = {8AD2B662-7F83-45B1-BB53-A1D0D9C1B43E}
		{8C94B975-C428-4AA0-ACBB-73CF1F85B10E} = {F137F8FB-A66D-4A89-A9C4-2D767FE2E581}
		{19C4E9FD-14AA-4A5C-8752-C8AB0A82DF56} = {F137F8FB-A66D-4A89-A9C4-2D767FE2E581}
		{5D25D06E-0D35-42EF-BBA2-D5DE6E06CD04} = {8AD2B662-7F83-45B1-BB53-A1D0D9C1B43E}
		{181FE707-E161-4722-9F38-6AAAB6FAA106} = {8AD2B662-7F83-45B1-BB53-A1D0D9C1B43E}
		{C64C36CB-EFD8-49A2-8C70-968C38C666BF} = {F137F8FB-A66D-4A89-A9C4-2D767FE2E581}
		{C4CDDBDE-C980-45C9-9F72-51273D2ACC71} = {0CE4ACF9-F547-41BB-BC10-8A6F80FFA07B}
		{124D8F97-5AF3-4CBB-BDE2-0678CD50D721} = {F137F8FB-A66D-4A89-A9C4-2D767FE2E581}
		{CE17F859-EF0C-4D53-A9E7-3B4F34C00372} = {F137F8FB-A66D-4A89-A9C4-2D767FE2E581}
		{16029D35-4CEB-4A06-908A-2B1DA2324E39} = {4CAC62A0-DE1C-4EB8-B855-2CBD3EEC7701}
		{F3B9CF6B-6A4D-4577-90B0-1BC3D238F0F9} = {16029D35-4CEB-4A06-908A-2B1DA2324E39}
		{3980FC46-64BA-41CA-A797-E3D7661ECBFC} = {16029D35-4CEB-4A06-908A-2B1DA2324E39}
		{6F6EFB81-9648-4F73-80B0-68DAB5F0F629} = {0CE4ACF9-F547-41BB-BC10-8A6F80FFA07B}
		{AE35EC08-3325-4DF2-A80B-5B4AC77D236D} = {16029D35-4CEB-4A06-908A-2B1DA2324E39}
		{6825E8D0-841D-4FB3-8898-B32885AD7DD4} = {4CAC62A0-DE1C-4EB8-B855-2CBD3EEC7701}
		{14F8289D-91EE-4D15-BDFC-E72C78859447} = {6825E8D0-841D-4FB3-8898-B32885AD7DD4}
		{1AF07458-46FE-44B6-86E4-895AB2815E84} = {8AD2B662-7F83-45B1-BB53-A1D0D9C1B43E}
		{93F3DA7A-AC4C-4ACD-8E84-FA8DD1DE467A} = {BA49ADA9-BEE1-4D5F-99D3-7E11A6916244}
	EndGlobalSection
	GlobalSection(ExtensibilityGlobals) = postSolution
		SolutionGuid = {9BC5BC54-6712-4B1E-A1B4-170C7A6ADBD2}
	EndGlobalSection
EndGlobal
